
Microsoft Visual Studio Solution File, Format Version 12.00
# Visual Studio Version 17
VisualStudioVersion = 17.6.33815.320
MinimumVisualStudioVersion = 10.0.40219.1
Project("{FAE04EC0-301F-11D3-BF4B-00C04F79EFBC}") = "Mars-SeleniumAutomation", "Mars-SeleniumAutomation.csproj", "{217B8A42-ACF7-4037-8E07-5C497E9BC85F}"
EndProject
Global
	GlobalSection(SolutionConfigurationPlatforms) = preSolution
		Debug|Any CPU = Debug|Any CPU
		Release|Any CPU = Release|Any CPU
	EndGlobalSection
	GlobalSection(ProjectConfigurationPlatforms) = postSolution
		{217B8A42-ACF7-4037-8E07-5C497E9BC85F}.Debug|Any CPU.ActiveCfg = Debug|Any CPU
		{217B8A42-ACF7-4037-8E07-5C497E9BC85F}.Debug|Any CPU.Build.0 = Debug|Any CPU
		{217B8A42-ACF7-4037-8E07-5C497E9BC85F}.Release|Any CPU.ActiveCfg = Release|Any CPU
		{217B8A42-ACF7-4037-8E07-5C497E9BC85F}.Release|Any CPU.Build.0 = Release|Any CPU
	EndGlobalSection
	GlobalSection(SolutionProperties) = preSolution
		HideSolutionNode = FALSE
	EndGlobalSection
	GlobalSection(ExtensibilityGlobals) = postSolution
		SolutionGuid = {8F0D998F-4CAE-40CF-B6E3-A62392BF2432}
	EndGlobalSection
EndGlobal
